
Microsoft Visual Studio Solution File, Format Version 12.00
# Visual Studio Version 17
VisualStudioVersion = 17.9.34622.214
MinimumVisualStudioVersion = 10.0.40219.1
Project("{FAE04EC0-301F-11D3-BF4B-00C04F79EFBC}") = "CurrencyToWordConverterApp.Server", "CurrencyToWordConverterApp.Server\CurrencyToWordConverterApp.Server.csproj", "{023E48CB-D072-4BC7-9A22-6B5114B2E60A}"
EndProject
Project("{54A90642-561A-4BB1-A94E-469ADEE60C69}") = "currencytowordconverterapp.client", "currencytowordconverterapp.client\currencytowordconverterapp.client.esproj", "{69BC9B15-F48C-494D-B6BF-F4EF29E6B19B}"
EndProject
Global
	GlobalSection(SolutionConfigurationPlatforms) = preSolution
		Debug|Any CPU = Debug|Any CPU
		Release|Any CPU = Release|Any CPU
	EndGlobalSection
	GlobalSection(ProjectConfigurationPlatforms) = postSolution
		{023E48CB-D072-4BC7-9A22-6B5114B2E60A}.Debug|Any CPU.ActiveCfg = Debug|Any CPU
		{023E48CB-D072-4BC7-9A22-6B5114B2E60A}.Debug|Any CPU.Build.0 = Debug|Any CPU
		{023E48CB-D072-4BC7-9A22-6B5114B2E60A}.Release|Any CPU.ActiveCfg = Release|Any CPU
		{023E48CB-D072-4BC7-9A22-6B5114B2E60A}.Release|Any CPU.Build.0 = Release|Any CPU
		{69BC9B15-F48C-494D-B6BF-F4EF29E6B19B}.Debug|Any CPU.ActiveCfg = Debug|Any CPU
		{69BC9B15-F48C-494D-B6BF-F4EF29E6B19B}.Debug|Any CPU.Build.0 = Debug|Any CPU
		{69BC9B15-F48C-494D-B6BF-F4EF29E6B19B}.Debug|Any CPU.Deploy.0 = Debug|Any CPU
		{69BC9B15-F48C-494D-B6BF-F4EF29E6B19B}.Release|Any CPU.ActiveCfg = Release|Any CPU
		{69BC9B15-F48C-494D-B6BF-F4EF29E6B19B}.Release|Any CPU.Build.0 = Release|Any CPU
		{69BC9B15-F48C-494D-B6BF-F4EF29E6B19B}.Release|Any CPU.Deploy.0 = Release|Any CPU
	EndGlobalSection
	GlobalSection(SolutionProperties) = preSolution
		HideSolutionNode = FALSE
	EndGlobalSection
	GlobalSection(ExtensibilityGlobals) = postSolution
		SolutionGuid = {C581928C-132D-4476-BBFC-FE81463E5A79}
	EndGlobalSection
EndGlobal
